
Microsoft Visual Studio Solution File, Format Version 12.00
# Visual Studio Version 17
VisualStudioVersion = 17.6.33723.286
MinimumVisualStudioVersion = 10.0.40219.1
Project("{FAE04EC0-301F-11D3-BF4B-00C04F79EFBC}") = "ARM_Engineer", "ARM_Engineer.csproj", "{BBCB6488-58E1-48F5-B569-ACC4E34E4538}"
EndProject
Global
	GlobalSection(SolutionConfigurationPlatforms) = preSolution
		Debug|Any CPU = Debug|Any CPU
		Release|Any CPU = Release|Any CPU
	EndGlobalSection
	GlobalSection(ProjectConfigurationPlatforms) = postSolution
		{BBCB6488-58E1-48F5-B569-ACC4E34E4538}.Debug|Any CPU.ActiveCfg = Debug|Any CPU
		{BBCB6488-58E1-48F5-B569-ACC4E34E4538}.Debug|Any CPU.Build.0 = Debug|Any CPU
		{BBCB6488-58E1-48F5-B569-ACC4E34E4538}.Release|Any CPU.ActiveCfg = Release|Any CPU
		{BBCB6488-58E1-48F5-B569-ACC4E34E4538}.Release|Any CPU.Build.0 = Release|Any CPU
	EndGlobalSection
	GlobalSection(SolutionProperties) = preSolution
		HideSolutionNode = FALSE
	EndGlobalSection
	GlobalSection(ExtensibilityGlobals) = postSolution
		SolutionGuid = {92BCA20C-D51E-4A9A-9482-168083426930}
	EndGlobalSection
EndGlobal
